<?xml version="1.0" encoding="utf-8"?>
<Project ToolsVersion="4.0" xmlns="http://schemas.microsoft.com/developer/msbuild/2003">
  <ItemGroup>
    <Filter Include="Файлы ресурсов">
      <UniqueIdentifier>{67DA6AB6-F800-4c08-8B7A-83BB121AAD01}</UniqueIdentifier>
      <Extensions>rc;ico;cur;bmp;dlg;rc2;rct;bin;rgs;gif;jpg;jpeg;jpe;resx;tiff;tif;png;wav;mfcribbon-ms</Extensions>
    </Filter>
    <Filter Include="src">
      <UniqueIdentifier>{e5efae36-c7f9-479f-9bd7-a89d79d7a9b4}</UniqueIdentifier>
    </Filter>
    <Filter Include="include">
      <UniqueIdentifier>{27e59fed-9184-4bf0-8025-e4eb20093c1a}</UniqueIdentifier>
    </Filter>
    <Filter Include="include\dto">
      <UniqueIdentifier>{fe4794ea-5dd1-43c3-ae36-c2af5fe58437}</UniqueIdentifier>
    </Filter>
    <Filter Include="include\request_handlers">
      <UniqueIdentifier>{681ae4b7-52c8-4084-9b9b-2a855fb8e140}</UniqueIdentifier>
    </Filter>
    <Filter Include="include\services">
      <UniqueIdentifier>{6dd8a4e1-a1ed-4776-bfbd-78c46ee0e595}</UniqueIdentifier>
    </Filter>
  </ItemGroup>
  <ItemGroup>
    <ClCompile Include="src\Application.cpp">
      <Filter>src</Filter>
    </ClCompile>
  </ItemGroup>
  <ItemGroup>
    <ClInclude Include="include\dto\ErrorResponse.h">
      <Filter>include\dto</Filter>
    </ClInclude>
    <ClInclude Include="include\request_handlers\AuthRequestHandler.h">
      <Filter>include\request_handlers</Filter>
    </ClInclude>
    <ClInclude Include="include\request_handlers\BaseRequestHandler.h">
      <Filter>include\request_handlers</Filter>
    </ClInclude>
    <ClInclude Include="include\request_handlers\HandlerFactory.h">
      <Filter>include\request_handlers</Filter>
    </ClInclude>
    <ClInclude Include="include\request_handlers\HomeRequestHandler.h">
      <Filter>include\request_handlers</Filter>
    </ClInclude>
    <ClInclude Include="include\request_handlers\NotFoundHandler.h">
      <Filter>include\request_handlers</Filter>
    </ClInclude>
    <ClInclude Include="include\services\Configuration.h">
      <Filter>include\services</Filter>
    </ClInclude>
    <ClInclude Include="include\services\Jwt.h">
      <Filter>include\services</Filter>
    </ClInclude>
    <ClInclude Include="include\services\UserService.h">
      <Filter>include\services</Filter>
    </ClInclude>
    <ClInclude Include="include\request_handlers\SampleRequestHandler.h">
      <Filter>include\request_handlers</Filter>
    </ClInclude>
    <ClInclude Include="include\dto\SampleResponse.h">
      <Filter>include\dto</Filter>
    </ClInclude>
  </ItemGroup>
  <ItemGroup>
    <None Include="service.properties" />
  </ItemGroup>
</Project>